<?xml version="1.0" encoding="utf-8"?>
<Project ToolsVersion="4.0" xmlns="http://schemas.microsoft.com/developer/msbuild/2003">
  <ItemGroup>
    <Filter Include="Source Files">
      <UniqueIdentifier>{4FC737F1-C7A5-4376-A066-2A32D752A2FF}</UniqueIdentifier>
      <Extensions>cpp;c;cc;cxx;c++;cppm;ixx;def;odl;idl;hpj;bat;asm;asmx</Extensions>
    </Filter>
    <Filter Include="Header Files">
      <UniqueIdentifier>{93995380-89BD-4b04-88EB-625FBE52EBFB}</UniqueIdentifier>
      <Extensions>h;hh;hpp;hxx;h++;hm;inl;inc;ipp;xsd</Extensions>
    </Filter>
    <Filter Include="Resource Files">
      <UniqueIdentifier>{67DA6AB6-F800-4c08-8B7A-83BB121AAD01}</UniqueIdentifier>
      <Extensions>rc;ico;cur;bmp;dlg;rc2;rct;bin;rgs;gif;jpg;jpeg;jpe;resx;tiff;tif;png;wav;mfcribbon-ms</Extensions>
    </Filter>
    <Filter Include="Header Files\Render">
      <UniqueIdentifier>{15e3b2d9-1db1-45ba-afee-e7448456da4e}</UniqueIdentifier>
    </Filter>
    <Filter Include="Header Files\Input">
      <UniqueIdentifier>{6a04e294-e78c-4c3d-80f4-43feab4302e4}</UniqueIdentifier>
    </Filter>
    <Filter Include="Header Files\Core">
      <UniqueIdentifier>{390791ff-6924-41d3-85fa-f67605f489e1}</UniqueIdentifier>
    </Filter>
    <Filter Include="Header Files\Core\Subsystems">
      <UniqueIdentifier>{2828f983-788f-4225-a1f3-79f9ba8c8ff3}</UniqueIdentifier>
    </Filter>
    <Filter Include="Header Files\Core\Jobs">
      <UniqueIdentifier>{f5d18006-f8df-4478-a290-5cd29eed88db}</UniqueIdentifier>
    </Filter>
    <Filter Include="Header Files\Core\Memory">
      <UniqueIdentifier>{80123c93-738f-47ad-8f95-113b42fb984d}</UniqueIdentifier>
    </Filter>
    <Filter Include="Header Files\Resources">
      <UniqueIdentifier>{4ac7b676-ce8c-428d-b3ea-978008ab9353}</UniqueIdentifier>
    </Filter>
    <Filter Include="Header Files\Runtime">
      <UniqueIdentifier>{52391dce-8f59-4643-b8bb-6aa3b18b4793}</UniqueIdentifier>
    </Filter>
    <Filter Include="Header Files\Runtime\Reflection">\n      <UniqueIdentifier>{7B6D72D1-53DE-4B28-9A19-5D4339D06DA4}</UniqueIdentifier>\n    </Filter>\n    <Filter Include="Header Files\Runtime\Components">
      <UniqueIdentifier>{A3F17B18-3E5B-49AF-8E27-C4C5D2B79315}</UniqueIdentifier>
    </Filter>
    <Filter Include="Header Files\Platform">
      <UniqueIdentifier>{a86c5cea-8f29-430c-8647-5fb64d541321}</UniqueIdentifier>
    </Filter>
    <Filter Include="Header Files\Platform\Win32">
      <UniqueIdentifier>{a8140482-e494-4cd5-a3be-b75cdc08f0cf}</UniqueIdentifier>
    </Filter>
    <Filter Include="Header Files\Resources\Typed">
      <UniqueIdentifier>{e3c3a1ae-ccf1-438b-a265-a2f53d854547}</UniqueIdentifier>
    </Filter>
    <Filter Include="Header Files\Render\Dx12">
      <UniqueIdentifier>{e7f6661b-09ac-435e-a46a-91c8337463ac}</UniqueIdentifier>
    </Filter>
    <Filter Include="Header Files\Core\Math">
      <UniqueIdentifier>{b138e5f4-ebf7-49f3-b397-01055dbe2135}</UniqueIdentifier>
    </Filter>
    <Filter Include="Header Files\Assets">
      <UniqueIdentifier>{4a2c4aac-fb19-4641-9918-589a186340e1}</UniqueIdentifier>
    </Filter>
    <Filter Include="Header Files\Assets\Importers">
      <UniqueIdentifier>{87bc686a-2b15-4fe7-9f1b-9ba48f608d3f}</UniqueIdentifier>
    </Filter>
    <Filter Include="Header Files\Assets\RuntimeFormats">
      <UniqueIdentifier>{779639e3-4b82-4a62-8bc9-db573a55ca76}</UniqueIdentifier>
    </Filter>
  </ItemGroup>
  <ItemGroup>
    <ClInclude Include="..\..\..\Engine\Core\Assert.h">
      <Filter>Header Files\Core</Filter>
    </ClInclude>
    <ClInclude Include="..\..\..\Engine\Core\BuildConfig.h">
      <Filter>Header Files\Core</Filter>
    </ClInclude>
    <ClInclude Include="..\..\..\Engine\Core\Clock.h">
      <Filter>Header Files\Core</Filter>
    </ClInclude>
    <ClInclude Include="..\..\..\Engine\Core\Log.h">
      <Filter>Header Files\Core</Filter>
    </ClInclude>
    <ClInclude Include="..\..\..\Engine\Core\Memory\Allocator.h">
      <Filter>Header Files\Core\Memory</Filter>
    </ClInclude>
    <ClInclude Include="..\..\..\Engine\Core\Memory\DebugAlloc.h">
      <Filter>Header Files\Core\Memory</Filter>
    </ClInclude>
    <ClInclude Include="..\..\..\Engine\Core\Memory\LinearArena.h">
      <Filter>Header Files\Core\Memory</Filter>
    </ClInclude>
    <ClInclude Include="..\..\..\Engine\Core\Jobs\JobSystem.h">
      <Filter>Header Files\Core\Jobs</Filter>
    </ClInclude>
    <ClInclude Include="..\..\..\Engine\Core\Subsystems\Subsystem.h">
      <Filter>Header Files\Core\Subsystems</Filter>
    </ClInclude>
    <ClInclude Include="..\..\..\Engine\Core\Subsystems\SubsystemRegistry.h">
      <Filter>Header Files\Core\Subsystems</Filter>
    </ClInclude>
    <ClInclude Include="..\..\..\Engine\Input\ActionMap.h">
      <Filter>Header Files\Input</Filter>
    </ClInclude>
    <ClInclude Include="..\..\..\Engine\Input\InputSystem.h">
      <Filter>Header Files\Input</Filter>
    </ClInclude>
    <ClInclude Include="..\..\..\Engine\Input\InputTypes.h">
      <Filter>Header Files\Input</Filter>
    </ClInclude>
    <ClInclude Include="..\..\..\Engine\Platform\Win32\WinFileSystem.h">
      <Filter>Header Files\Platform\Win32</Filter>
    </ClInclude>
    <ClInclude Include="..\..\..\Engine\Platform\Win32\WinPlatform.h">
      <Filter>Header Files\Platform\Win32</Filter>
    </ClInclude>
    <ClInclude Include="..\..\..\Engine\Platform\Win32\WinWindow.h">
      <Filter>Header Files\Platform\Win32</Filter>
    </ClInclude>
    <ClInclude Include="..\..\..\Engine\Render\RenderSystem.h">
      <Filter>Header Files\Render</Filter>
    </ClInclude>
    <ClInclude Include="..\..\..\Engine\Resources\ArchiveFileMount.h">
      <Filter>Header Files\Resources</Filter>
    </ClInclude>
    <ClInclude Include="..\..\..\Engine\Resources\FileHandle.h">
      <Filter>Header Files\Resources</Filter>
    </ClInclude>
    <ClInclude Include="..\..\..\Engine\Resources\IFileMount.h">
      <Filter>Header Files\Resources</Filter>
    </ClInclude>
    <ClInclude Include="..\..\..\Engine\Resources\LooseFileMount.h">
      <Filter>Header Files\Resources</Filter>
    </ClInclude>
    <ClInclude Include="..\..\..\Engine\Resources\ResourceHandle.h">
      <Filter>Header Files\Resources</Filter>
    </ClInclude>
    <ClInclude Include="..\..\..\Engine\Resources\ResourceID.h">
      <Filter>Header Files\Resources</Filter>
    </ClInclude>
    <ClInclude Include="..\..\..\Engine\Resources\VirtualFileSystem.h">
      <Filter>Header Files\Resources</Filter>
    </ClInclude>
    <ClInclude Include="..\..\..\Engine\Resources\VPath.h">
      <Filter>Header Files\Resources</Filter>
    </ClInclude>
    <ClInclude Include="..\..\..\Engine\Resources\Typed\IResourceLoader.h">
      <Filter>Header Files\Resources\Typed</Filter>
    </ClInclude>
    <ClInclude Include="..\..\..\Engine\Resources\Typed\ResourceHandleT.h">
      <Filter>Header Files\Resources\Typed</Filter>
    </ClInclude>
    <ClInclude Include="..\..\..\Engine\Resources\Typed\ResourceType.h">
      <Filter>Header Files\Resources\Typed</Filter>
    </ClInclude>
    <ClInclude Include="..\..\..\Engine\Resources\Typed\TextResource.h">
      <Filter>Header Files\Resources\Typed</Filter>
    </ClInclude>
    <ClInclude Include="..\..\..\Engine\Resources\Typed\TextResourceLoader.h">
      <Filter>Header Files\Resources\Typed</Filter>
    </ClInclude>
    <ClInclude Include="..\..\..\Engine\Resources\Typed\ResourceLoaderRegistry.h">
      <Filter>Header Files\Resources\Typed</Filter>
    </ClInclude>
    <ClInclude Include="..\..\..\Engine\Resources\ResourceManager.h">
      <Filter>Header Files\Resources</Filter>
    </ClInclude>
    <ClInclude Include="..\..\..\Engine\Runtime\ComponentRegistry.h">
      <Filter>Header Files\Runtime</Filter>
    </ClInclude>
    <ClInclude Include="..\..\..\Engine\Runtime\ComponentStorage.h">
      <Filter>Header Files\Runtime</Filter>
    </ClInclude>
    <ClInclude Include="..\..\..\Engine\Runtime\ComponentType.h">
      <Filter>Header Files\Runtime</Filter>
    </ClInclude>
    <ClInclude Include="..\..\..\Engine\Runtime\Components\CameraComponent.h">
      <Filter>Header Files\Runtime\Components</Filter>
    </ClInclude>
    <ClInclude Include="..\..\..\Engine\Runtime\Components\NameComponent.h">
      <Filter>Header Files\Runtime\Components</Filter>
    </ClInclude>
    <ClInclude Include="..\..\..\Engine\Runtime\Components\RenderableComponent.h">
      <Filter>Header Files\Runtime\Components</Filter>
    </ClInclude>
    <ClInclude Include="..\..\..\Engine\Runtime\Components\TransformComponent.h">
      <Filter>Header Files\Runtime\Components</Filter>
    </ClInclude>
    <ClInclude Include="..\..\..\Engine\Runtime\CameraSystem.h">
      <Filter>Header Files\Runtime</Filter>
    </ClInclude>
    <ClInclude Include="..\..\..\Engine\Runtime\NameSystem.h">
      <Filter>Header Files\Runtime</Filter>
    </ClInclude>
    <ClInclude Include="..\..\..\Engine\Runtime\RenderableSystem.h">
      <Filter>Header Files\Runtime</Filter>
    </ClInclude>
    <ClInclude Include="..\..\..\Engine\Runtime\TransformSystem.h">
      <Filter>Header Files\Runtime</Filter>
    </ClInclude>
    <ClInclude Include="..\..\..\Engine\Runtime\Entity.h">
      <Filter>Header Files\Runtime</Filter>
    </ClInclude>
    <ClInclude Include="..\..\..\Engine\Runtime\EntityRegistry.h">
      <Filter>Header Files\Runtime</Filter>
    </ClInclude>
    <ClInclude Include="..\..\..\Engine\Runtime\Engine.h">
      <Filter>Header Files\Runtime</Filter>
    </ClInclude>
    <ClInclude Include="..\..\..\Engine\Runtime\MainLoop.h">
      <Filter>Header Files\Runtime</Filter>
    </ClInclude>
    <ClInclude Include="..\..\..\Engine\Runtime\EngineConfig.h">
      <Filter>Header Files\Runtime</Filter>
    </ClInclude>
    <ClInclude Include="..\..\..\Engine\Render\DX12\Dx12Common.h">
      <Filter>Header Files\Render\Dx12</Filter>
    </ClInclude>
    <ClInclude Include="..\..\..\Engine\Render\DX12\Dx12Device.h">
      <Filter>Header Files\Render\Dx12</Filter>
    </ClInclude>
    <ClInclude Include="..\..\..\Engine\Render\DX12\Dx12FrameSync.h">
      <Filter>Header Files\Render\Dx12</Filter>
    </ClInclude>
    <ClInclude Include="..\..\..\Engine\Render\DX12\Dx12Renderer.h">
      <Filter>Header Files\Render\Dx12</Filter>
    </ClInclude>
    <ClInclude Include="..\..\..\Engine\Render\DX12\ShaderCompiler.h">
      <Filter>Header Files\Render\Dx12</Filter>
    </ClInclude>
    <ClInclude Include="..\..\..\Engine\Render\DX12\Dx12SwapChain.h">
      <Filter>Header Files\Render\Dx12</Filter>
    </ClInclude>
    <ClInclude Include="..\..\..\Engine\Render\DX12\TrianglePass.h">
      <Filter>Header Files\Render\Dx12</Filter>
    </ClInclude>
    <ClInclude Include="..\..\..\Engine\Render\DX12\Dx12DeferredReleaseQueue.h">
      <Filter>Header Files\Render\Dx12</Filter>
    </ClInclude>
    <ClInclude Include="..\..\..\Engine\Render\DX12\Dx12DescriptorAllocator.h">
      <Filter>Header Files\Render\Dx12</Filter>
    </ClInclude>
    <ClInclude Include="..\..\..\Engine\Render\DX12\Dx12PsoCache.h">
      <Filter>Header Files\Render\Dx12</Filter>
    </ClInclude>
    <ClInclude Include="..\..\..\Engine\Render\DX12\GpuBuffer.h">
      <Filter>Header Files\Render\Dx12</Filter>
    </ClInclude>
    <ClInclude Include="..\..\..\Engine\Render\DX12\GpuRingConstantBuffer.h">
      <Filter>Header Files\Render\Dx12</Filter>
    </ClInclude>
    <ClInclude Include="..\..\..\Engine\Render\DX12\MeshFormat.h">
      <Filter>Header Files\Render\Dx12</Filter>
    </ClInclude>
    <ClInclude Include="..\..\..\Engine\Render\DX12\MeshPass.h">
      <Filter>Header Files\Render\Dx12</Filter>
    </ClInclude>
    <ClInclude Include="..\..\..\Engine\Render\DX12\d3dx12.h">
      <Filter>Header Files\Render\Dx12</Filter>
    </ClInclude>
    <ClInclude Include="..\..\..\Engine\Runtime\Bounds.h">
      <Filter>Header Files\Runtime</Filter>
    </ClInclude>
    <ClInclude Include="..\..\..\Engine\Runtime\Camera.h">
      <Filter>Header Files\Runtime</Filter>
    </ClInclude>
    <ClInclude Include="..\..\..\Engine\Runtime\Frustum.h">
      <Filter>Header Files\Runtime</Filter>
    </ClInclude>
    <ClInclude Include="..\..\..\Engine\Runtime\SceneObject.h">
      <Filter>Header Files\Runtime</Filter>
    </ClInclude>
    <ClInclude Include="..\..\..\Engine\Runtime\World.h">
      <Filter>Header Files\Runtime</Filter>
    </ClInclude>
    <ClInclude Include="..\..\..\Engine\Render\RenderQueue.h">
      <Filter>Header Files\Render</Filter>
    </ClInclude>
    <ClInclude Include="..\..\..\Engine\Core\Math\MathTypes.h">
      <Filter>Header Files\Core\Math</Filter>
    </ClInclude>
    <ClInclude Include="..\..\..\Engine\Assets\AssetDependencyGraph.h">
      <Filter>Header Files\Assets</Filter>
    </ClInclude>
    <ClInclude Include="..\..\..\Engine\Assets\AssetId.h">
      <Filter>Header Files\Assets</Filter>
    </ClInclude>
    <ClInclude Include="..\..\..\Engine\Assets\AssetImportPipeline.h">
      <Filter>Header Files\Assets</Filter>
    </ClInclude>
    <ClInclude Include="..\..\..\Engine\Assets\AssetMetadata.h">
      <Filter>Header Files\Assets</Filter>
    </ClInclude>
    <ClInclude Include="..\..\..\Engine\Assets\IntermediateAssets.h">
      <Filter>Header Files\Assets</Filter>
    </ClInclude>
    <ClInclude Include="..\..\..\Engine\Assets\JsonWriter.h">
      <Filter>Header Files\Assets</Filter>
    </ClInclude>
    <ClInclude Include="..\..\..\Engine\Assets\RuntimeFormats\MaterialBlob.h">
      <Filter>Header Files\Assets\RuntimeFormats</Filter>
    </ClInclude>
    <ClInclude Include="..\..\..\Engine\Assets\RuntimeFormats\MeshBlob.h">
      <Filter>Header Files\Assets\RuntimeFormats</Filter>
    </ClInclude>
    <ClInclude Include="..\..\..\Engine\Assets\RuntimeFormats\TextureBlob.h">
      <Filter>Header Files\Assets\RuntimeFormats</Filter>
    </ClInclude>
    <ClInclude Include="..\..\..\Engine\Assets\Importers\AssetImporterRegistry.h">
      <Filter>Header Files\Assets\Importers</Filter>
    </ClInclude>
    <ClInclude Include="..\..\..\Engine\Assets\Importers\BmpTextureImporter.h">
      <Filter>Header Files\Assets\Importers</Filter>
    </ClInclude>
    <ClInclude Include="..\..\..\Engine\Assets\Importers\IAssetImporter.h">
      <Filter>Header Files\Assets\Importers</Filter>
    </ClInclude>
    <ClInclude Include="..\..\..\Engine\Assets\Importers\ObjMeshImporter.h">
      <Filter>Header Files\Assets\Importers</Filter>
    </ClInclude>
    <ClInclude Include="..\..\..\Engine\Assets\Importers\TextImporter.h">
      <Filter>Header Files\Assets\Importers</Filter>
    </ClInclude>
    <ClInclude Include="..\..\..\Engine\Resources\Typed\MaterialResource.h">
      <Filter>Header Files\Resources\Typed</Filter>
    </ClInclude>
    <ClInclude Include="..\..\..\Engine\Resources\Typed\MaterialResourceLoader.h">
      <Filter>Header Files\Resources\Typed</Filter>
    </ClInclude>
    <ClInclude Include="..\..\..\Engine\Resources\Typed\MeshResource.h">
      <Filter>Header Files\Resources\Typed</Filter>
    </ClInclude>
    <ClInclude Include="..\..\..\Engine\Resources\Typed\MeshResourceLoader.h">
      <Filter>Header Files\Resources\Typed</Filter>
    </ClInclude>
    <ClInclude Include="..\..\..\Engine\Resources\Typed\TextureResource.h">
      <Filter>Header Files\Resources\Typed</Filter>
    </ClInclude>
    <ClInclude Include="..\..\..\Engine\Resources\Typed\TextureResourceLoader.h">
      <Filter>Header Files\Resources\Typed</Filter>
    </ClInclude>
  </ItemGroup>
  <ItemGroup>
    <ClCompile Include="..\..\..\Engine\Core\Assert.cpp">
      <Filter>Source Files</Filter>
    </ClCompile>
    <ClCompile Include="..\..\..\Engine\Core\Log.cpp">
      <Filter>Source Files</Filter>
    </ClCompile>
    <ClCompile Include="..\..\..\Engine\Runtime\ComponentRegistry.cpp">
      <Filter>Source Files</Filter>
    </ClCompile>
    <ClCompile Include="..\..\..\Engine\Runtime\CameraSystem.cpp">
      <Filter>Source Files</Filter>
    </ClCompile>
    <ClCompile Include="..\..\..\Engine\Runtime\NameSystem.cpp">
      <Filter>Source Files</Filter>
    </ClCompile>
    <ClCompile Include="..\..\..\Engine\Runtime\RenderableSystem.cpp">
      <Filter>Source Files</Filter>
    </ClCompile>
    <ClCompile Include="..\..\..\Engine\Runtime\TransformSystem.cpp">
      <Filter>Source Files</Filter>
    </ClCompile>
    <ClCompile Include="..\..\..\Engine\Runtime\EntityRegistry.cpp">
      <Filter>Source Files</Filter>
    </ClCompile>
    <ClCompile Include="..\..\..\Engine\Runtime\Engine.cpp">
      <Filter>Source Files</Filter>
    </ClCompile>
    <ClCompile Include="..\..\..\Engine\Core\Subsystems\SubsystemRegistry.cpp">
      <Filter>Source Files</Filter>
    </ClCompile>
    <ClCompile Include="..\..\..\Engine\Core\Clock.cpp">
      <Filter>Source Files</Filter>
    </ClCompile>
    <ClCompile Include="..\..\..\Engine\Platform\Win32\WinPlatform.cpp">
      <Filter>Source Files</Filter>
    </ClCompile>
    <ClCompile Include="..\..\..\Engine\Core\Memory\Allocator.cpp">
      <Filter>Source Files</Filter>
    </ClCompile>
    <ClCompile Include="..\..\..\Engine\Core\Memory\DebugAlloc.cpp">
      <Filter>Source Files</Filter>
    </ClCompile>
    <ClCompile Include="..\..\..\Engine\Core\Memory\LinearArena.cpp">
      <Filter>Source Files</Filter>
    </ClCompile>
    <ClCompile Include="..\..\..\Engine\Runtime\MainLoop.cpp">
      <Filter>Source Files</Filter>
    </ClCompile>
    <ClCompile Include="..\..\..\Engine\Platform\Win32\WinWindow.cpp">
      <Filter>Source Files</Filter>
    </ClCompile>
    <ClCompile Include="..\..\..\Engine\Platform\Win32\WinFileSystem.cpp">
      <Filter>Source Files</Filter>
    </ClCompile>
    <ClCompile Include="..\..\..\Engine\Resources\ArchiveFileMount.cpp">
      <Filter>Source Files</Filter>
    </ClCompile>
    <ClCompile Include="..\..\..\Engine\Resources\LooseFileMount.cpp">
      <Filter>Source Files</Filter>
    </ClCompile>
    <ClCompile Include="..\..\..\Engine\Resources\VirtualFileSystem.cpp">
      <Filter>Source Files</Filter>
    </ClCompile>
    <ClCompile Include="..\..\..\Engine\Resources\VPath.cpp">
      <Filter>Source Files</Filter>
    </ClCompile>
    <ClCompile Include="..\..\..\Engine\Resources\ResourceManager.cpp">
      <Filter>Source Files</Filter>
    </ClCompile>
    <ClCompile Include="..\..\..\Engine\Core\Jobs\JobSystem.cpp">
      <Filter>Source Files</Filter>
    </ClCompile>
    <ClCompile Include="..\..\..\Engine\Input\ActionMap.cpp">
      <Filter>Source Files</Filter>
    </ClCompile>
    <ClCompile Include="..\..\..\Engine\Input\InputSystem.cpp">
      <Filter>Source Files</Filter>
    </ClCompile>
    <ClCompile Include="..\..\..\Engine\Render\RenderSystem.cpp">
      <Filter>Source Files</Filter>
    </ClCompile>
    <ClCompile Include="..\..\..\Engine\Render\DX12\Dx12Device.cpp">
      <Filter>Source Files</Filter>
    </ClCompile>
    <ClCompile Include="..\..\..\Engine\Render\DX12\Dx12FrameSync.cpp">
      <Filter>Source Files</Filter>
    </ClCompile>
    <ClCompile Include="..\..\..\Engine\Render\DX12\Dx12Renderer.cpp">
      <Filter>Source Files</Filter>
    </ClCompile>
    <ClCompile Include="..\..\..\Engine\Render\DX12\ShaderCompiler.cpp">
      <Filter>Source Files</Filter>
    </ClCompile>
    <ClCompile Include="..\..\..\Engine\Render\DX12\Dx12SwapChain.cpp">
      <Filter>Source Files</Filter>
    </ClCompile>
    <ClCompile Include="..\..\..\Engine\Render\DX12\Dx12DeferredReleaseQueue.cpp">
      <Filter>Source Files</Filter>
    </ClCompile>
    <ClCompile Include="..\..\..\Engine\Render\DX12\Dx12DescriptorAllocator.cpp">
      <Filter>Source Files</Filter>
    </ClCompile>
    <ClCompile Include="..\..\..\Engine\Render\DX12\Dx12PsoCache.cpp">
      <Filter>Source Files</Filter>
    </ClCompile>
    <ClCompile Include="..\..\..\Engine\Render\DX12\GpuBuffer.cpp">
      <Filter>Source Files</Filter>
    </ClCompile>
    <ClCompile Include="..\..\..\Engine\Render\DX12\GpuRingConstantBuffer.cpp">
      <Filter>Source Files</Filter>
    </ClCompile>
    <ClCompile Include="..\..\..\Engine\Render\DX12\MeshFormat.cpp">
      <Filter>Source Files</Filter>
    </ClCompile>
    <ClCompile Include="..\..\..\Engine\Render\DX12\MeshPass.cpp">
      <Filter>Source Files</Filter>
    </ClCompile>
    <ClCompile Include="..\..\..\Engine\Runtime\World.cpp">
      <Filter>Header Files\Runtime</Filter>
    </ClCompile>
    <ClCompile Include="..\..\..\Engine\Assets\Importers\AssetImporterRegistry.cpp">
      <Filter>Source Files</Filter>
    </ClCompile>
    <ClCompile Include="..\..\..\Engine\Assets\Importers\BmpTextureImporter.cpp">
      <Filter>Source Files</Filter>
    </ClCompile>
    <ClCompile Include="..\..\..\Engine\Assets\Importers\ObjMeshImporter.cpp">
      <Filter>Source Files</Filter>
    </ClCompile>
    <ClCompile Include="..\..\..\Engine\Assets\Importers\TextImporter.cpp">
      <Filter>Source Files</Filter>
    </ClCompile>
    <ClCompile Include="..\..\..\Engine\Assets\RuntimeFormats\MaterialBlob.cpp">
      <Filter>Source Files</Filter>
    </ClCompile>
    <ClCompile Include="..\..\..\Engine\Assets\RuntimeFormats\MeshBlob.cpp">
      <Filter>Source Files</Filter>
    </ClCompile>
    <ClCompile Include="..\..\..\Engine\Assets\RuntimeFormats\TextureBlob.cpp">
      <Filter>Source Files</Filter>
    </ClCompile>
    <ClCompile Include="..\..\..\Engine\Assets\AssetDependencyGraph.cpp">
      <Filter>Source Files</Filter>
    </ClCompile>
    <ClCompile Include="..\..\..\Engine\Assets\AssetImportPipeline.cpp">
      <Filter>Source Files</Filter>
    </ClCompile>
    <ClCompile Include="..\..\..\Engine\Assets\JsonWriter.cpp">
      <Filter>Source Files</Filter>
    </ClCompile>
  </ItemGroup>
</Project>